
Microsoft Visual Studio Solution File, Format Version 12.00
# Visual Studio 15
VisualStudioVersion = 15.0.28307.1972
MinimumVisualStudioVersion = 10.0.40219.1
Project("{FAE04EC0-301F-11D3-BF4B-00C04F79EFBC}") = "Lecture01VariablesAndDataTypes", "Lecture01VariablesAndDataTypes\Lecture01VariablesAndDataTypes.csproj", "{FE53C55F-AE5E-4EB3-8CF9-7B19C9AFB1F1}"
EndProject
Global
	GlobalSection(SolutionConfigurationPlatforms) = preSolution
		Debug|Any CPU = Debug|Any CPU
		Release|Any CPU = Release|Any CPU
	EndGlobalSection
	GlobalSection(ProjectConfigurationPlatforms) = postSolution
		{FE53C55F-AE5E-4EB3-8CF9-7B19C9AFB1F1}.Debug|Any CPU.ActiveCfg = Debug|Any CPU
		{FE53C55F-AE5E-4EB3-8CF9-7B19C9AFB1F1}.Debug|Any CPU.Build.0 = Debug|Any CPU
		{FE53C55F-AE5E-4EB3-8CF9-7B19C9AFB1F1}.Release|Any CPU.ActiveCfg = Release|Any CPU
		{FE53C55F-AE5E-4EB3-8CF9-7B19C9AFB1F1}.Release|Any CPU.Build.0 = Release|Any CPU
	EndGlobalSection
	GlobalSection(SolutionProperties) = preSolution
		HideSolutionNode = FALSE
	EndGlobalSection
	GlobalSection(ExtensibilityGlobals) = postSolution
		SolutionGuid = {7E1CAFE0-47DD-495A-8132-F576F2B83F16}
	EndGlobalSection
EndGlobal
